
Microsoft Visual Studio Solution File, Format Version 12.00
# Visual Studio Version 17
VisualStudioVersion = 17.10.35013.160
MinimumVisualStudioVersion = 10.0.40219.1
Project("{9A19103F-16F7-4668-BE54-9A1E7A4F7556}") = "AGPU_API", "AGPU_API\AGPU_API.csproj", "{07355483-64F4-44A8-984D-B612F6FB099F}"
EndProject
Project("{FAE04EC0-301F-11D3-BF4B-00C04F79EFBC}") = "AGPU_WEB", "AGPU_WEB\AGPU_WEB.csproj", "{B4A15710-B838-4A4A-9F6B-BD04D7BB360B}"
EndProject
Project("{FAE04EC0-301F-11D3-BF4B-00C04F79EFBC}") = "AGPU_Utility", "AGPU_Utility\AGPU_Utility.csproj", "{682B694C-EBB7-443A-992D-2880A8921311}"
EndProject
Global
	GlobalSection(SolutionConfigurationPlatforms) = preSolution
		Debug|Any CPU = Debug|Any CPU
		Release|Any CPU = Release|Any CPU
	EndGlobalSection
	GlobalSection(ProjectConfigurationPlatforms) = postSolution
		{07355483-64F4-44A8-984D-B612F6FB099F}.Debug|Any CPU.ActiveCfg = Debug|Any CPU
		{07355483-64F4-44A8-984D-B612F6FB099F}.Debug|Any CPU.Build.0 = Debug|Any CPU
		{07355483-64F4-44A8-984D-B612F6FB099F}.Release|Any CPU.ActiveCfg = Release|Any CPU
		{07355483-64F4-44A8-984D-B612F6FB099F}.Release|Any CPU.Build.0 = Release|Any CPU
		{B4A15710-B838-4A4A-9F6B-BD04D7BB360B}.Debug|Any CPU.ActiveCfg = Debug|Any CPU
		{B4A15710-B838-4A4A-9F6B-BD04D7BB360B}.Debug|Any CPU.Build.0 = Debug|Any CPU
		{B4A15710-B838-4A4A-9F6B-BD04D7BB360B}.Release|Any CPU.ActiveCfg = Release|Any CPU
		{B4A15710-B838-4A4A-9F6B-BD04D7BB360B}.Release|Any CPU.Build.0 = Release|Any CPU
		{682B694C-EBB7-443A-992D-2880A8921311}.Debug|Any CPU.ActiveCfg = Debug|Any CPU
		{682B694C-EBB7-443A-992D-2880A8921311}.Debug|Any CPU.Build.0 = Debug|Any CPU
		{682B694C-EBB7-443A-992D-2880A8921311}.Release|Any CPU.ActiveCfg = Release|Any CPU
		{682B694C-EBB7-443A-992D-2880A8921311}.Release|Any CPU.Build.0 = Release|Any CPU
	EndGlobalSection
	GlobalSection(SolutionProperties) = preSolution
		HideSolutionNode = FALSE
	EndGlobalSection
	GlobalSection(ExtensibilityGlobals) = postSolution
		SolutionGuid = {4D954C46-C6FA-4DE5-AD63-D84BC831C761}
	EndGlobalSection
EndGlobal
